
Microsoft Visual Studio Solution File, Format Version 12.00
# Visual Studio 2013
VisualStudioVersion = 12.0.31101.0
MinimumVisualStudioVersion = 10.0.40219.1
Project("{FAE04EC0-301F-11D3-BF4B-00C04F79EFBC}") = "AttendanceCore", "AttendanceCore\AttendanceCore.csproj", "{F4A251EC-0D6A-4688-B4D7-378035DB25F2}"
EndProject
Project("{FAE04EC0-301F-11D3-BF4B-00C04F79EFBC}") = "AttendanceWCF", "AttendanceWCF\AttendanceWCF.csproj", "{D0CDA6B5-2D89-4BE3-8500-CF87EF2B4CC1}"
EndProject
Global
	GlobalSection(TeamFoundationVersionControl) = preSolution
		SccNumberOfProjects = 3
		SccEnterpriseProvider = {4CA58AB2-18FA-4F8D-95D4-32DDF27D184C}
		SccTeamFoundationServer = http://192.168.1.22:8080/tfs/sistemas
		SccLocalPath0 = .
		SccProjectUniqueName1 = AttendanceCore\\AttendanceCore.csproj
		SccProjectName1 = AttendanceCore
		SccLocalPath1 = AttendanceCore
		SccProjectUniqueName2 = AttendanceWCF\\AttendanceWCF.csproj
		SccProjectName2 = AttendanceWCF
		SccLocalPath2 = AttendanceWCF
	EndGlobalSection
	GlobalSection(SolutionConfigurationPlatforms) = preSolution
		Debug|Any CPU = Debug|Any CPU
		Release|Any CPU = Release|Any CPU
	EndGlobalSection
	GlobalSection(ProjectConfigurationPlatforms) = postSolution
		{F4A251EC-0D6A-4688-B4D7-378035DB25F2}.Debug|Any CPU.ActiveCfg = Debug|Any CPU
		{F4A251EC-0D6A-4688-B4D7-378035DB25F2}.Debug|Any CPU.Build.0 = Debug|Any CPU
		{F4A251EC-0D6A-4688-B4D7-378035DB25F2}.Release|Any CPU.ActiveCfg = Release|Any CPU
		{F4A251EC-0D6A-4688-B4D7-378035DB25F2}.Release|Any CPU.Build.0 = Release|Any CPU
		{D0CDA6B5-2D89-4BE3-8500-CF87EF2B4CC1}.Debug|Any CPU.ActiveCfg = Debug|Any CPU
		{D0CDA6B5-2D89-4BE3-8500-CF87EF2B4CC1}.Debug|Any CPU.Build.0 = Debug|Any CPU
		{D0CDA6B5-2D89-4BE3-8500-CF87EF2B4CC1}.Release|Any CPU.ActiveCfg = Release|Any CPU
		{D0CDA6B5-2D89-4BE3-8500-CF87EF2B4CC1}.Release|Any CPU.Build.0 = Release|Any CPU
	EndGlobalSection
	GlobalSection(SolutionProperties) = preSolution
		HideSolutionNode = FALSE
	EndGlobalSection
EndGlobal
